
Microsoft Visual Studio Solution File, Format Version 12.00
# Visual Studio 14
VisualStudioVersion = 14.0.25420.1
MinimumVisualStudioVersion = 10.0.40219.1
Project("{FAE04EC0-301F-11D3-BF4B-00C04F79EFBC}") = "leetcode", "leetcode\leetcode.csproj", "{4872B695-F141-404B-A820-E8C3729274EB}"
EndProject
Project("{FAE04EC0-301F-11D3-BF4B-00C04F79EFBC}") = "ArrayPairSum_561", "ArrayPairSum_561\ArrayPairSum_561.csproj", "{5C443D3F-B115-4EB5-B6B6-6EC95F00900E}"
EndProject
Project("{FAE04EC0-301F-11D3-BF4B-00C04F79EFBC}") = "RangeAdd_598", "RangeAdd_598\RangeAdd_598.csproj", "{F13B2370-270A-425A-B758-925BFBE8AA05}"
EndProject
Global
	GlobalSection(SolutionConfigurationPlatforms) = preSolution
		Debug|Any CPU = Debug|Any CPU
		Release|Any CPU = Release|Any CPU
	EndGlobalSection
	GlobalSection(ProjectConfigurationPlatforms) = postSolution
		{4872B695-F141-404B-A820-E8C3729274EB}.Debug|Any CPU.ActiveCfg = Debug|Any CPU
		{4872B695-F141-404B-A820-E8C3729274EB}.Debug|Any CPU.Build.0 = Debug|Any CPU
		{4872B695-F141-404B-A820-E8C3729274EB}.Release|Any CPU.ActiveCfg = Release|Any CPU
		{4872B695-F141-404B-A820-E8C3729274EB}.Release|Any CPU.Build.0 = Release|Any CPU
		{5C443D3F-B115-4EB5-B6B6-6EC95F00900E}.Debug|Any CPU.ActiveCfg = Debug|Any CPU
		{5C443D3F-B115-4EB5-B6B6-6EC95F00900E}.Debug|Any CPU.Build.0 = Debug|Any CPU
		{5C443D3F-B115-4EB5-B6B6-6EC95F00900E}.Release|Any CPU.ActiveCfg = Release|Any CPU
		{5C443D3F-B115-4EB5-B6B6-6EC95F00900E}.Release|Any CPU.Build.0 = Release|Any CPU
		{F13B2370-270A-425A-B758-925BFBE8AA05}.Debug|Any CPU.ActiveCfg = Debug|Any CPU
		{F13B2370-270A-425A-B758-925BFBE8AA05}.Debug|Any CPU.Build.0 = Debug|Any CPU
		{F13B2370-270A-425A-B758-925BFBE8AA05}.Release|Any CPU.ActiveCfg = Release|Any CPU
		{F13B2370-270A-425A-B758-925BFBE8AA05}.Release|Any CPU.Build.0 = Release|Any CPU
	EndGlobalSection
	GlobalSection(SolutionProperties) = preSolution
		HideSolutionNode = FALSE
	EndGlobalSection
EndGlobal
